
Microsoft Visual Studio Solution File, Format Version 12.00
# Visual Studio 15
VisualStudioVersion = 15.0.28307.329
MinimumVisualStudioVersion = 10.0.40219.1
Project("{FAE04EC0-301F-11D3-BF4B-00C04F79EFBC}") = "Noun", "Noun.csproj", "{985B40BD-73F0-4339-A9F6-481245D96DFF}"
EndProject
Project("{FAE04EC0-301F-11D3-BF4B-00C04F79EFBC}") = "PocketMonsters.UI", "PocketMonsters.UI\PocketMonsters.UI.csproj", "{779E7CBE-59D1-4697-8AD3-2B160C30F75F}"
EndProject
Project("{FAE04EC0-301F-11D3-BF4B-00C04F79EFBC}") = "PocketMonsters.BLL", "PocketMonsters.BLL\PocketMonsters.BLL.csproj", "{37705BF5-0617-47C6-A06C-3AE06EB94ED1}"
EndProject
Project("{FAE04EC0-301F-11D3-BF4B-00C04F79EFBC}") = "PocketMonsters.Data", "PocketMonsters.Data\PocketMonsters.Data.csproj", "{42A85EB6-4156-408B-8114-FF9D3748B60F}"
EndProject
Project("{FAE04EC0-301F-11D3-BF4B-00C04F79EFBC}") = "PocketMonsters.Models", "PocketMonsters.Models\PocketMonsters.Models.csproj", "{750F4C0C-2171-404A-9344-BE8B2170AF95}"
EndProject
Project("{FAE04EC0-301F-11D3-BF4B-00C04F79EFBC}") = "PocketMonsters.Services", "PocketMonsters.Services\PocketMonsters.Services.csproj", "{86612D81-E5CE-48D1-A9E8-3887745E056B}"
EndProject
Global
	GlobalSection(SolutionConfigurationPlatforms) = preSolution
		Debug|Any CPU = Debug|Any CPU
		Release|Any CPU = Release|Any CPU
	EndGlobalSection
	GlobalSection(ProjectConfigurationPlatforms) = postSolution
		{985B40BD-73F0-4339-A9F6-481245D96DFF}.Debug|Any CPU.ActiveCfg = Debug|Any CPU
		{985B40BD-73F0-4339-A9F6-481245D96DFF}.Debug|Any CPU.Build.0 = Debug|Any CPU
		{985B40BD-73F0-4339-A9F6-481245D96DFF}.Release|Any CPU.ActiveCfg = Release|Any CPU
		{985B40BD-73F0-4339-A9F6-481245D96DFF}.Release|Any CPU.Build.0 = Release|Any CPU
		{779E7CBE-59D1-4697-8AD3-2B160C30F75F}.Debug|Any CPU.ActiveCfg = Debug|Any CPU
		{779E7CBE-59D1-4697-8AD3-2B160C30F75F}.Debug|Any CPU.Build.0 = Debug|Any CPU
		{779E7CBE-59D1-4697-8AD3-2B160C30F75F}.Release|Any CPU.ActiveCfg = Release|Any CPU
		{779E7CBE-59D1-4697-8AD3-2B160C30F75F}.Release|Any CPU.Build.0 = Release|Any CPU
		{37705BF5-0617-47C6-A06C-3AE06EB94ED1}.Debug|Any CPU.ActiveCfg = Debug|Any CPU
		{37705BF5-0617-47C6-A06C-3AE06EB94ED1}.Debug|Any CPU.Build.0 = Debug|Any CPU
		{37705BF5-0617-47C6-A06C-3AE06EB94ED1}.Release|Any CPU.ActiveCfg = Release|Any CPU
		{37705BF5-0617-47C6-A06C-3AE06EB94ED1}.Release|Any CPU.Build.0 = Release|Any CPU
		{42A85EB6-4156-408B-8114-FF9D3748B60F}.Debug|Any CPU.ActiveCfg = Debug|Any CPU
		{42A85EB6-4156-408B-8114-FF9D3748B60F}.Debug|Any CPU.Build.0 = Debug|Any CPU
		{42A85EB6-4156-408B-8114-FF9D3748B60F}.Release|Any CPU.ActiveCfg = Release|Any CPU
		{42A85EB6-4156-408B-8114-FF9D3748B60F}.Release|Any CPU.Build.0 = Release|Any CPU
		{750F4C0C-2171-404A-9344-BE8B2170AF95}.Debug|Any CPU.ActiveCfg = Debug|Any CPU
		{750F4C0C-2171-404A-9344-BE8B2170AF95}.Debug|Any CPU.Build.0 = Debug|Any CPU
		{750F4C0C-2171-404A-9344-BE8B2170AF95}.Release|Any CPU.ActiveCfg = Release|Any CPU
		{750F4C0C-2171-404A-9344-BE8B2170AF95}.Release|Any CPU.Build.0 = Release|Any CPU
		{86612D81-E5CE-48D1-A9E8-3887745E056B}.Debug|Any CPU.ActiveCfg = Debug|Any CPU
		{86612D81-E5CE-48D1-A9E8-3887745E056B}.Debug|Any CPU.Build.0 = Debug|Any CPU
		{86612D81-E5CE-48D1-A9E8-3887745E056B}.Release|Any CPU.ActiveCfg = Release|Any CPU
		{86612D81-E5CE-48D1-A9E8-3887745E056B}.Release|Any CPU.Build.0 = Release|Any CPU
	EndGlobalSection
	GlobalSection(SolutionProperties) = preSolution
		HideSolutionNode = FALSE
	EndGlobalSection
	GlobalSection(ExtensibilityGlobals) = postSolution
		SolutionGuid = {355AE021-0DD8-4574-AC9E-0B2DF1690ED1}
	EndGlobalSection
EndGlobal
