
Microsoft Visual Studio Solution File, Format Version 12.00
# Visual Studio 15
Project("{FAE04EC0-301F-11D3-BF4B-00C04F79EFBC}") = "RPS.2", "RPS.2\RPS.2.csproj", "{87B7B748-9943-45E4-B7CF-9923F4B2AD80}"
EndProject
Global
	GlobalSection(SolutionConfigurationPlatforms) = preSolution
		Debug|Any CPU = Debug|Any CPU
		Release|Any CPU = Release|Any CPU
	EndGlobalSection
	GlobalSection(ProjectConfigurationPlatforms) = postSolution
		{87B7B748-9943-45E4-B7CF-9923F4B2AD80}.Debug|Any CPU.ActiveCfg = Debug|Any CPU
		{87B7B748-9943-45E4-B7CF-9923F4B2AD80}.Debug|Any CPU.Build.0 = Debug|Any CPU
		{87B7B748-9943-45E4-B7CF-9923F4B2AD80}.Release|Any CPU.ActiveCfg = Release|Any CPU
		{87B7B748-9943-45E4-B7CF-9923F4B2AD80}.Release|Any CPU.Build.0 = Release|Any CPU
	EndGlobalSection
EndGlobal
