
Microsoft Visual Studio Solution File, Format Version 12.00
# Visual Studio 15
Project("{FAE04EC0-301F-11D3-BF4B-00C04F79EFBC}") = "LoopConversion", "LoopConversion\LoopConversion.csproj", "{3EA4CC76-9294-4329-9790-1CF3B739244F}"
EndProject
Global
	GlobalSection(SolutionConfigurationPlatforms) = preSolution
		Debug|Any CPU = Debug|Any CPU
		Release|Any CPU = Release|Any CPU
	EndGlobalSection
	GlobalSection(ProjectConfigurationPlatforms) = postSolution
		{3EA4CC76-9294-4329-9790-1CF3B739244F}.Debug|Any CPU.ActiveCfg = Debug|Any CPU
		{3EA4CC76-9294-4329-9790-1CF3B739244F}.Debug|Any CPU.Build.0 = Debug|Any CPU
		{3EA4CC76-9294-4329-9790-1CF3B739244F}.Release|Any CPU.ActiveCfg = Release|Any CPU
		{3EA4CC76-9294-4329-9790-1CF3B739244F}.Release|Any CPU.Build.0 = Release|Any CPU
	EndGlobalSection
EndGlobal
