
Microsoft Visual Studio Solution File, Format Version 12.00
# Visual Studio 15
Project("{FAE04EC0-301F-11D3-BF4B-00C04F79EFBC}") = "Factor_Run.UI", "Factor2.UI\Factor_Run.UI.csproj", "{5E89A6A4-E269-4E46-972E-FFBD126DEE38}"
EndProject
Project("{FAE04EC0-301F-11D3-BF4B-00C04F79EFBC}") = "Factorizor.BLL", "..\Factorizor.BLL\Factorizor.BLL\Factorizor.BLL.csproj", "{0060BD05-71C6-4EA8-8279-50A544F7A9BB}"
EndProject
Project("{FAE04EC0-301F-11D3-BF4B-00C04F79EFBC}") = "Factor.Tests", "..\Factor.Tests\Factor.Tests\Factor.Tests.csproj", "{FA751DA4-6236-4C63-9D3F-A8B04FDA47B8}"
EndProject
Global
	GlobalSection(SolutionConfigurationPlatforms) = preSolution
		Debug|Any CPU = Debug|Any CPU
		Release|Any CPU = Release|Any CPU
	EndGlobalSection
	GlobalSection(ProjectConfigurationPlatforms) = postSolution
		{5E89A6A4-E269-4E46-972E-FFBD126DEE38}.Debug|Any CPU.ActiveCfg = Debug|Any CPU
		{5E89A6A4-E269-4E46-972E-FFBD126DEE38}.Debug|Any CPU.Build.0 = Debug|Any CPU
		{5E89A6A4-E269-4E46-972E-FFBD126DEE38}.Release|Any CPU.ActiveCfg = Release|Any CPU
		{5E89A6A4-E269-4E46-972E-FFBD126DEE38}.Release|Any CPU.Build.0 = Release|Any CPU
		{0060BD05-71C6-4EA8-8279-50A544F7A9BB}.Debug|Any CPU.ActiveCfg = Debug|Any CPU
		{0060BD05-71C6-4EA8-8279-50A544F7A9BB}.Debug|Any CPU.Build.0 = Debug|Any CPU
		{0060BD05-71C6-4EA8-8279-50A544F7A9BB}.Release|Any CPU.ActiveCfg = Release|Any CPU
		{0060BD05-71C6-4EA8-8279-50A544F7A9BB}.Release|Any CPU.Build.0 = Release|Any CPU
		{FA751DA4-6236-4C63-9D3F-A8B04FDA47B8}.Debug|Any CPU.ActiveCfg = Debug|Any CPU
		{FA751DA4-6236-4C63-9D3F-A8B04FDA47B8}.Debug|Any CPU.Build.0 = Debug|Any CPU
		{FA751DA4-6236-4C63-9D3F-A8B04FDA47B8}.Release|Any CPU.ActiveCfg = Release|Any CPU
		{FA751DA4-6236-4C63-9D3F-A8B04FDA47B8}.Release|Any CPU.Build.0 = Release|Any CPU
	EndGlobalSection
EndGlobal
